// !$*UTF8*$!
{
	archiveVersion = 1;
	classes = {
	};
	objectVersion = 50;
	objects = {

/* Begin PBXBuildFile section */
		65904995271766EC006CCD10 /* AppDelegate.swift in Sources */ = {isa = PBXBuildFile; fileRef = 65904994271766EC006CCD10 /* AppDelegate.swift */; };
		65904997271766EC006CCD10 /* SceneDelegate.swift in Sources */ = {isa = PBXBuildFile; fileRef = 65904996271766EC006CCD10 /* SceneDelegate.swift */; };
		65904999271766EC006CCD10 /* TableViewController.swift in Sources */ = {isa = PBXBuildFile; fileRef = 65904998271766EC006CCD10 /* TableViewController.swift */; };
		6590499C271766EC006CCD10 /* Main.storyboard in Resources */ = {isa = PBXBuildFile; fileRef = 6590499A271766EC006CCD10 /* Main.storyboard */; };
		6590499E271766F2006CCD10 /* Assets.xcassets in Resources */ = {isa = PBXBuildFile; fileRef = 6590499D271766F2006CCD10 /* Assets.xcassets */; };
		659049A1271766F2006CCD10 /* LaunchScreen.storyboard in Resources */ = {isa = PBXBuildFile; fileRef = 6590499F271766F2006CCD10 /* LaunchScreen.storyboard */; };
		659049AA271772A0006CCD10 /* TableViewCell.swift in Sources */ = {isa = PBXBuildFile; fileRef = 659049A8271772A0006CCD10 /* TableViewCell.swift */; };
		659049AB271772A0006CCD10 /* TableViewCell.xib in Resources */ = {isa = PBXBuildFile; fileRef = 659049A9271772A0006CCD10 /* TableViewCell.xib */; };
		659049B427177635006CCD10 /* cavaleiros.swift in Sources */ = {isa = PBXBuildFile; fileRef = 659049B327177635006CCD10 /* cavaleiros.swift */; };
		659049B627179414006CCD10 /* DetalhesViewController.swift in Sources */ = {isa = PBXBuildFile; fileRef = 659049B527179414006CCD10 /* DetalhesViewController.swift */; };
/* End PBXBuildFile section */

/* Begin PBXFileReference section */
		65904991271766EC006CCD10 /* App Caveleiros do Zodíaco.app */ = {isa = PBXFileReference; explicitFileType = wrapper.application; includeInIndex = 0; path = "App Caveleiros do Zodíaco.app"; sourceTree = BUILT_PRODUCTS_DIR; };
		65904994271766EC006CCD10 /* AppDelegate.swift */ = {isa = PBXFileReference; lastKnownFileType = sourcecode.swift; path = AppDelegate.swift; sourceTree = "<group>"; };
		65904996271766EC006CCD10 /* SceneDelegate.swift */ = {isa = PBXFileReference; lastKnownFileType = sourcecode.swift; path = SceneDelegate.swift; sourceTree = "<group>"; };
		65904998271766EC006CCD10 /* TableViewController.swift */ = {isa = PBXFileReference; lastKnownFileType = sourcecode.swift; path = TableViewController.swift; sourceTree = "<group>"; };
		6590499B271766EC006CCD10 /* Base */ = {isa = PBXFileReference; lastKnownFileType = file.storyboard; name = Base; path = Base.lproj/Main.storyboard; sourceTree = "<group>"; };
		6590499D271766F2006CCD10 /* Assets.xcassets */ = {isa = PBXFileReference; lastKnownFileType = folder.assetcatalog; path = Assets.xcassets; sourceTree = "<group>"; };
		659049A0271766F2006CCD10 /* Base */ = {isa = PBXFileReference; lastKnownFileType = file.storyboard; name = Base; path = Base.lproj/LaunchScreen.storyboard; sourceTree = "<group>"; };
		659049A2271766F2006CCD10 /* Info.plist */ = {isa = PBXFileReference; lastKnownFileType = text.plist.xml; path = Info.plist; sourceTree = "<group>"; };
		659049A8271772A0006CCD10 /* TableViewCell.swift */ = {isa = PBXFileReference; lastKnownFileType = sourcecode.swift; path = TableViewCell.swift; sourceTree = "<group>"; };
		659049A9271772A0006CCD10 /* TableViewCell.xib */ = {isa = PBXFileReference; lastKnownFileType = file.xib; path = TableViewCell.xib; sourceTree = "<group>"; };
		659049B327177635006CCD10 /* cavaleiros.swift */ = {isa = PBXFileReference; lastKnownFileType = sourcecode.swift; path = cavaleiros.swift; sourceTree = "<group>"; };
		659049B527179414006CCD10 /* DetalhesViewController.swift */ = {isa = PBXFileReference; lastKnownFileType = sourcecode.swift; path = DetalhesViewController.swift; sourceTree = "<group>"; };
/* End PBXFileReference section */

/* Begin PBXFrameworksBuildPhase section */
		6590498E271766EC006CCD10 /* Frameworks */ = {
			isa = PBXFrameworksBuildPhase;
			buildActionMask = 2147483647;
			files = (
			);
			runOnlyForDeploymentPostprocessing = 0;
		};
/* End PBXFrameworksBuildPhase section */

/* Begin PBXGroup section */
		65904988271766EC006CCD10 = {
			isa = PBXGroup;
			children = (
				65904993271766EC006CCD10 /* App Caveleiros do Zodíaco */,
				65904992271766EC006CCD10 /* Products */,
			);
			sourceTree = "<group>";
		};
		65904992271766EC006CCD10 /* Products */ = {
			isa = PBXGroup;
			children = (
				65904991271766EC006CCD10 /* App Caveleiros do Zodíaco.app */,
			);
			name = Products;
			sourceTree = "<group>";
		};
		65904993271766EC006CCD10 /* App Caveleiros do Zodíaco */ = {
			isa = PBXGroup;
			children = (
				659049AC27177444006CCD10 /* Model */,
				659049AD27177456006CCD10 /* View */,
				659049AE2717746F006CCD10 /* Controller */,
				65904994271766EC006CCD10 /* AppDelegate.swift */,
				65904996271766EC006CCD10 /* SceneDelegate.swift */,
				6590499A271766EC006CCD10 /* Main.storyboard */,
				6590499D271766F2006CCD10 /* Assets.xcassets */,
				6590499F271766F2006CCD10 /* LaunchScreen.storyboard */,
				659049A2271766F2006CCD10 /* Info.plist */,
			);
			path = "App Caveleiros do Zodíaco";
			sourceTree = "<group>";
		};
		659049AC27177444006CCD10 /* Model */ = {
			isa = PBXGroup;
			children = (
				659049B327177635006CCD10 /* cavaleiros.swift */,
			);
			path = Model;
			sourceTree = "<group>";
		};
		659049AD27177456006CCD10 /* View */ = {
			isa = PBXGroup;
			children = (
				659049AF27177497006CCD10 /* CustomCells */,
			);
			path = View;
			sourceTree = "<group>";
		};
		659049AE2717746F006CCD10 /* Controller */ = {
			isa = PBXGroup;
			children = (
				65904998271766EC006CCD10 /* TableViewController.swift */,
				659049B527179414006CCD10 /* DetalhesViewController.swift */,
			);
			path = Controller;
			sourceTree = "<group>";
		};
		659049AF27177497006CCD10 /* CustomCells */ = {
			isa = PBXGroup;
			children = (
				659049A8271772A0006CCD10 /* TableViewCell.swift */,
				659049A9271772A0006CCD10 /* TableViewCell.xib */,
			);
			path = CustomCells;
			sourceTree = "<group>";
		};
/* End PBXGroup section */

/* Begin PBXNativeTarget section */
		65904990271766EC006CCD10 /* App Caveleiros do Zodíaco */ = {
			isa = PBXNativeTarget;
			buildConfigurationList = 659049A5271766F2006CCD10 /* Build configuration list for PBXNativeTarget "App Caveleiros do Zodíaco" */;
			buildPhases = (
				6590498D271766EC006CCD10 /* Sources */,
				6590498E271766EC006CCD10 /* Frameworks */,
				6590498F271766EC006CCD10 /* Resources */,
			);
			buildRules = (
			);
			dependencies = (
			);
			name = "App Caveleiros do Zodíaco";
			productName = "App Caveleiros do Zodíaco";
			productReference = 65904991271766EC006CCD10 /* App Caveleiros do Zodíaco.app */;
			productType = "com.apple.product-type.application";
		};
/* End PBXNativeTarget section */

/* Begin PBXProject section */
		65904989271766EC006CCD10 /* Project object */ = {
			isa = PBXProject;
			attributes = {
				LastSwiftUpdateCheck = 1250;
				LastUpgradeCheck = 1250;
				TargetAttributes = {
					65904990271766EC006CCD10 = {
						CreatedOnToolsVersion = 12.5;
					};
				};
			};
			buildConfigurationList = 6590498C271766EC006CCD10 /* Build configuration list for PBXProject "App Caveleiros do Zodíaco" */;
			compatibilityVersion = "Xcode 9.3";
			developmentRegion = en;
			hasScannedForEncodings = 0;
			knownRegions = (
				en,
				Base,
			);
			mainGroup = 65904988271766EC006CCD10;
			productRefGroup = 65904992271766EC006CCD10 /* Products */;
			projectDirPath = "";
			projectRoot = "";
			targets = (
				65904990271766EC006CCD10 /* App Caveleiros do Zodíaco */,
			);
		};
/* End PBXProject section */

/* Begin PBXResourcesBuildPhase section */
		6590498F271766EC006CCD10 /* Resources */ = {
			isa = PBXResourcesBuildPhase;
			buildActionMask = 2147483647;
			files = (
				659049A1271766F2006CCD10 /* LaunchScreen.storyboard in Resources */,
				659049AB271772A0006CCD10 /* TableViewCell.xib in Resources */,
				6590499E271766F2006CCD10 /* Assets.xcassets in Resources */,
				6590499C271766EC006CCD10 /* Main.storyboard in Resources */,
			);
			runOnlyForDeploymentPostprocessing = 0;
		};
/* End PBXResourcesBuildPhase section */

/* Begin PBXSourcesBuildPhase section */
		6590498D271766EC006CCD10 /* Sources */ = {
			isa = PBXSourcesBuildPhase;
			buildActionMask = 2147483647;
			files = (
				659049B427177635006CCD10 /* cavaleiros.swift in Sources */,
				65904999271766EC006CCD10 /* TableViewController.swift in Sources */,
				659049B627179414006CCD10 /* DetalhesViewController.swift in Sources */,
				659049AA271772A0006CCD10 /* TableViewCell.swift in Sources */,
				65904995271766EC006CCD10 /* AppDelegate.swift in Sources */,
				65904997271766EC006CCD10 /* SceneDelegate.swift in Sources */,
			);
			runOnlyForDeploymentPostprocessing = 0;
		};
/* End PBXSourcesBuildPhase section */

/* Begin PBXVariantGroup section */
		6590499A271766EC006CCD10 /* Main.storyboard */ = {
			isa = PBXVariantGroup;
			children = (
				6590499B271766EC006CCD10 /* Base */,
			);
			name = Main.storyboard;
			sourceTree = "<group>";
		};
		6590499F271766F2006CCD10 /* LaunchScreen.storyboard */ = {
			isa = PBXVariantGroup;
			children = (
				659049A0271766F2006CCD10 /* Base */,
			);
			name = LaunchScreen.storyboard;
			sourceTree = "<group>";
		};
/* End PBXVariantGroup section */

/* Begin XCBuildConfiguration section */
		659049A3271766F2006CCD10 /* Debug */ = {
			isa = XCBuildConfiguration;
			buildSettings = {
				ALWAYS_SEARCH_USER_PATHS = NO;
				CLANG_ANALYZER_NONNULL = YES;
				CLANG_ANALYZER_NUMBER_OBJECT_CONVERSION = YES_AGGRESSIVE;
				CLANG_CXX_LANGUAGE_STANDARD = "gnu++14";
				CLANG_CXX_LIBRARY = "libc++";
				CLANG_ENABLE_MODULES = YES;
				CLANG_ENABLE_OBJC_ARC = YES;
				CLANG_ENABLE_OBJC_WEAK = YES;
				CLANG_WARN_BLOCK_CAPTURE_AUTORELEASING = YES;
				CLANG_WARN_BOOL_CONVERSION = YES;
				CLANG_WARN_COMMA = YES;
				CLANG_WARN_CONSTANT_CONVERSION = YES;
				CLANG_WARN_DEPRECATED_OBJC_IMPLEMENTATIONS = YES;
				CLANG_WARN_DIRECT_OBJC_ISA_USAGE = YES_ERROR;
				CLANG_WARN_DOCUMENTATION_COMMENTS = YES;
				CLANG_WARN_EMPTY_BODY = YES;
				CLANG_WARN_ENUM_CONVERSION = YES;
				CLANG_WARN_INFINITE_RECURSION = YES;
				CLANG_WARN_INT_CONVERSION = YES;
				CLANG_WARN_NON_LITERAL_NULL_CONVERSION = YES;
				CLANG_WARN_OBJC_IMPLICIT_RETAIN_SELF = YES;
				CLANG_WARN_OBJC_LITERAL_CONVERSION = YES;
				CLANG_WARN_OBJC_ROOT_CLASS = YES_ERROR;
				CLANG_WARN_QUOTED_INCLUDE_IN_FRAMEWORK_HEADER = YES;
				CLANG_WARN_RANGE_LOOP_ANALYSIS = YES;
				CLANG_WARN_STRICT_PROTOTYPES = YES;
				CLANG_WARN_SUSPICIOUS_MOVE = YES;
				CLANG_WARN_UNGUARDED_AVAILABILITY = YES_AGGRESSIVE;
				CLANG_WARN_UNREACHABLE_CODE = YES;
				CLANG_WARN__DUPLICATE_METHOD_MATCH = YES;
				COPY_PHASE_STRIP = NO;
				DEBUG_INFORMATION_FORMAT = dwarf;
				ENABLE_STRICT_OBJC_MSGSEND = YES;
				ENABLE_TESTABILITY = YES;
				GCC_C_LANGUAGE_STANDARD = gnu11;
				GCC_DYNAMIC_NO_PIC = NO;
				GCC_NO_COMMON_BLOCKS = YES;
				GCC_OPTIMIZATION_LEVEL = 0;
				GCC_PREPROCESSOR_DEFINITIONS = (
					"DEBUG=1",
					"$(inherited)",
				);
				GCC_WARN_64_TO_32_BIT_CONVERSION = YES;
				GCC_WARN_ABOUT_RETURN_TYPE = YES_ERROR;
				GCC_WARN_UNDECLARED_SELECTOR = YES;
				GCC_WARN_UNINITIALIZED_AUTOS = YES_AGGRESSIVE;
				GCC_WARN_UNUSED_FUNCTION = YES;
				GCC_WARN_UNUSED_VARIABLE = YES;
				IPHONEOS_DEPLOYMENT_TARGET = 14.5;
				MTL_ENABLE_DEBUG_INFO = INCLUDE_SOURCE;
				MTL_FAST_MATH = YES;
				ONLY_ACTIVE_ARCH = YES;
				SDKROOT = iphoneos;
				SWIFT_ACTIVE_COMPILATION_CONDITIONS = DEBUG;
				SWIFT_OPTIMIZATION_LEVEL = "-Onone";
			};
			name = Debug;
		};
		659049A4271766F2006CCD10 /* Release */ = {
			isa = XCBuildConfiguration;
			buildSettings = {
				ALWAYS_SEARCH_USER_PATHS = NO;
				CLANG_ANALYZER_NONNULL = YES;
				CLANG_ANALYZER_NUMBER_OBJECT_CONVERSION = YES_AGGRESSIVE;
				CLANG_CXX_LANGUAGE_STANDARD = "gnu++14";
				CLANG_CXX_LIBRARY = "libc++";
				CLANG_ENABLE_MODULES = YES;
				CLANG_ENABLE_OBJC_ARC = YES;
				CLANG_ENABLE_OBJC_WEAK = YES;
				CLANG_WARN_BLOCK_CAPTURE_AUTORELEASING = YES;
				CLANG_WARN_BOOL_CONVERSION = YES;
				CLANG_WARN_COMMA = YES;
				CLANG_WARN_CONSTANT_CONVERSION = YES;
				CLANG_WARN_DEPRECATED_OBJC_IMPLEMENTATIONS = YES;
				CLANG_WARN_DIRECT_OBJC_ISA_USAGE = YES_ERROR;
				CLANG_WARN_DOCUMENTATION_COMMENTS = YES;
				CLANG_WARN_EMPTY_BODY = YES;
				CLANG_WARN_ENUM_CONVERSION = YES;
				CLANG_WARN_INFINITE_RECURSION = YES;
				CLANG_WARN_INT_CONVERSION = YES;
				CLANG_WARN_NON_LITERAL_NULL_CONVERSION = YES;
				CLANG_WARN_OBJC_IMPLICIT_RETAIN_SELF = YES;
				CLANG_WARN_OBJC_LITERAL_CONVERSION = YES;
				CLANG_WARN_OBJC_ROOT_CLASS = YES_ERROR;
				CLANG_WARN_QUOTED_INCLUDE_IN_FRAMEWORK_HEADER = YES;
				CLANG_WARN_RANGE_LOOP_ANALYSIS = YES;
				CLANG_WARN_STRICT_PROTOTYPES = YES;
				CLANG_WARN_SUSPICIOUS_MOVE = YES;
				CLANG_WARN_UNGUARDED_AVAILABILITY = YES_AGGRESSIVE;
				CLANG_WARN_UNREACHABLE_CODE = YES;
				CLANG_WARN__DUPLICATE_METHOD_MATCH = YES;
				COPY_PHASE_STRIP = NO;
				DEBUG_INFORMATION_FORMAT = "dwarf-with-dsym";
				ENABLE_NS_ASSERTIONS = NO;
				ENABLE_STRICT_OBJC_MSGSEND = YES;
				GCC_C_LANGUAGE_STANDARD = gnu11;
				GCC_NO_COMMON_BLOCKS = YES;
				GCC_WARN_64_TO_32_BIT_CONVERSION = YES;
				GCC_WARN_ABOUT_RETURN_TYPE = YES_ERROR;
				GCC_WARN_UNDECLARED_SELECTOR = YES;
				GCC_WARN_UNINITIALIZED_AUTOS = YES_AGGRESSIVE;
				GCC_WARN_UNUSED_FUNCTION = YES;
				GCC_WARN_UNUSED_VARIABLE = YES;
				IPHONEOS_DEPLOYMENT_TARGET = 14.5;
				MTL_ENABLE_DEBUG_INFO = NO;
				MTL_FAST_MATH = YES;
				SDKROOT = iphoneos;
				SWIFT_COMPILATION_MODE = wholemodule;
				SWIFT_OPTIMIZATION_LEVEL = "-O";
				VALIDATE_PRODUCT = YES;
			};
			name = Release;
		};
		659049A6271766F2006CCD10 /* Debug */ = {
			isa = XCBuildConfiguration;
			buildSettings = {
				ASSETCATALOG_COMPILER_APPICON_NAME = AppIcon;
				ASSETCATALOG_COMPILER_GLOBAL_ACCENT_COLOR_NAME = AccentColor;
				CODE_SIGN_STYLE = Automatic;
				DEVELOPMENT_TEAM = Q85KHBHX5L;
				INFOPLIST_FILE = "App Caveleiros do Zodíaco/Info.plist";
				LD_RUNPATH_SEARCH_PATHS = (
					"$(inherited)",
					"@executable_path/Frameworks",
				);
				PRODUCT_BUNDLE_IDENTIFIER = "cursoUdemy.App-Caveleiros-do-Zodi-aco";
				PRODUCT_NAME = "$(TARGET_NAME)";
				SWIFT_VERSION = 5.0;
				TARGETED_DEVICE_FAMILY = "1,2";
			};
			name = Debug;
		};
		659049A7271766F2006CCD10 /* Release */ = {
			isa = XCBuildConfiguration;
			buildSettings = {
				ASSETCATALOG_COMPILER_APPICON_NAME = AppIcon;
				ASSETCATALOG_COMPILER_GLOBAL_ACCENT_COLOR_NAME = AccentColor;
				CODE_SIGN_STYLE = Automatic;
				DEVELOPMENT_TEAM = Q85KHBHX5L;
				INFOPLIST_FILE = "App Caveleiros do Zodíaco/Info.plist";
				LD_RUNPATH_SEARCH_PATHS = (
					"$(inherited)",
					"@executable_path/Frameworks",
				);
				PRODUCT_BUNDLE_IDENTIFIER = "cursoUdemy.App-Caveleiros-do-Zodi-aco";
				PRODUCT_NAME = "$(TARGET_NAME)";
				SWIFT_VERSION = 5.0;
				TARGETED_DEVICE_FAMILY = "1,2";
			};
			name = Release;
		};
/* End XCBuildConfiguration section */

/* Begin XCConfigurationList section */
		6590498C271766EC006CCD10 /* Build configuration list for PBXProject "App Caveleiros do Zodíaco" */ = {
			isa = XCConfigurationList;
			buildConfigurations = (
				659049A3271766F2006CCD10 /* Debug */,
				659049A4271766F2006CCD10 /* Release */,
			);
			defaultConfigurationIsVisible = 0;
			defaultConfigurationName = Release;
		};
		659049A5271766F2006CCD10 /* Build configuration list for PBXNativeTarget "App Caveleiros do Zodíaco" */ = {
			isa = XCConfigurationList;
			buildConfigurations = (
				659049A6271766F2006CCD10 /* Debug */,
				659049A7271766F2006CCD10 /* Release */,
			);
			defaultConfigurationIsVisible = 0;
			defaultConfigurationName = Release;
		};
/* End XCConfigurationList section */
	};
	rootObject = 65904989271766EC006CCD10 /* Project object */;
}
